PODS:
  - Alamofire (4.7.3)
  - ChameleonFramework/Default (2.1.0)
  - ChameleonFramework/Swift (2.1.0):
    - ChameleonFramework/Default
  - DropDown (2.3.2)
  - ESTabBarController-swift (2.6.2)
  - expanding-collection (2.1.0)
  - Firebase/Auth (5.4.1):
    - Firebase/CoreOnly
    - FirebaseAuth (= 5.0.2)
  - Firebase/Core (5.4.1):
    - Firebase/CoreOnly
    - FirebaseAnalytics (= 5.0.1)
  - Firebase/CoreOnly (5.4.1):
    - FirebaseCore (= 5.0.6)
  - Firebase/Database (5.4.1):
    - Firebase/CoreOnly
    - FirebaseDatabase (= 5.0.2)
  - FirebaseAnalytics (5.0.1):
    - FirebaseCore (~> 5.0)
    - FirebaseInstanceID (~> 3.0)
    - "GoogleToolboxForMac/NSData+zlib (~> 2.1)"
    - nanopb (~> 0.3)
  - FirebaseAuth (5.0.2):
    - FirebaseCore (~> 5.0)
    - GTMSessionFetcher/Core (~> 1.1)
  - FirebaseCore (5.0.6):
    - "GoogleToolboxForMac/NSData+zlib (~> 2.1)"
  - FirebaseDatabase (5.0.2):
    - FirebaseCore (~> 5.0)
    - leveldb-library (~> 1.18)
  - FirebaseInstanceID (3.1.1):
    - FirebaseCore (~> 5.0)
  - GoogleToolboxForMac/Defines (2.1.4)
  - "GoogleToolboxForMac/NSData+zlib (2.1.4)":
    - GoogleToolboxForMac/Defines (= 2.1.4)
  - GTMSessionFetcher/Core (1.1.15)
  - Hero (1.2.0)
  - leveldb-library (1.20)
  - Moya (11.0.2):
    - Moya/Core (= 11.0.2)
  - Moya/Core (11.0.2):
    - Alamofire (~> 4.1)
    - Result (~> 3.0)
  - nanopb (0.3.8):
    - nanopb/decode (= 0.3.8)
    - nanopb/encode (= 0.3.8)
  - nanopb/decode (0.3.8)
  - nanopb/encode (0.3.8)
  - NVActivityIndicatorView (4.3.0):
    - NVActivityIndicatorView/Presenter (= 4.3.0)
  - NVActivityIndicatorView/Presenter (4.3.0)
  - Realm (3.7.5):
    - Realm/Headers (= 3.7.5)
  - Realm/Headers (3.7.5)
  - RealmSwift (3.7.5):
    - Realm (= 3.7.5)
  - Result (3.2.4)
  - RxCocoa (4.2.0):
    - RxSwift (~> 4.0)
  - RxSwift (4.2.0)
  - SnapKit (4.0.0)

DEPENDENCIES:
  - ChameleonFramework/Swift (from `https://github.com/ViccAlexander/Chameleon.git`, branch `wip/swift4`)
  - DropDown
  - ESTabBarController-swift
  - expanding-collection
  - Firebase/Auth
  - Firebase/Core
  - Firebase/Database
  - Hero
  - Moya
  - NVActivityIndicatorView
  - RealmSwift
  - RxCocoa (~> 4.0)
  - RxSwift (~> 4.0)
  - SnapKit

SPEC REPOS:
  https://github.com/cocoapods/specs.git:
    - Alamofire
    - DropDown
    - ESTabBarController-swift
    - expanding-collection
    - Firebase
    - FirebaseAnalytics
    - FirebaseAuth
    - FirebaseCore
    - FirebaseDatabase
    - FirebaseInstanceID
    - GoogleToolboxForMac
    - GTMSessionFetcher
    - Hero
    - leveldb-library
    - Moya
    - nanopb
    - NVActivityIndicatorView
    - Realm
    - RealmSwift
    - Result
    - RxCocoa
    - RxSwift
    - SnapKit

EXTERNAL SOURCES:
  ChameleonFramework:
    :branch: wip/swift4
    :git: https://github.com/ViccAlexander/Chameleon.git

CHECKOUT OPTIONS:
  ChameleonFramework:
    :commit: db432ca1b1a3d8f83ee1f881208c0c960a325e73
    :git: https://github.com/ViccAlexander/Chameleon.git

SPEC CHECKSUMS:
  Alamofire: c7287b6e5d7da964a70935e5db17046b7fde6568
  ChameleonFramework: d21a3cc247abfe5e37609a283a8238b03575cf64
  DropDown: 7f87abecc28f9b4edad810fe1211c5c018c257e5
  ESTabBarController-swift: f0a8679e43df1e60b7b36bbcaf1dc98ba6273c7d
  expanding-collection: 6dadfb6777d94c7487ca471604d6916e7a3ba81b
  Firebase: 355bd535bfdacaa82a7fe8d9784115edefd6fc03
  FirebaseAnalytics: b3628aea54c50464c32c393fb2ea032566e7ecc2
  FirebaseAuth: 096e457cdd4274412a66c4a35874787e411f5a03
  FirebaseCore: 4c28e3b9708ba48a765e76515f913a71596eb5dd
  FirebaseDatabase: 27be5ac5bc75e0b17537b2bbfada8258addcc8cd
  FirebaseInstanceID: f3f0657372592ecdfdfe2cac604a5a75758376a6
  GoogleToolboxForMac: 91c824d21e85b31c2aae9bb011c5027c9b4e738f
  GTMSessionFetcher: 5fa5b80fd20e439ef5f545fb2cb3ca6c6714caa2
  Hero: 33dadf2cd1c98af71e213dcbc2902e6e03622a4e
  leveldb-library: 08cba283675b7ed2d99629a4bc5fd052cd2bb6a5
  Moya: a725035953bc1c0eb1be505ab903984501d82440
  nanopb: 5601e6bca2dbf1ed831b519092ec110f66982ca3
  NVActivityIndicatorView: 963f62bf9f993fcf23218e55958e5b1761b9504c
  Realm: c286caf4dbf346ce24aad49ca76c7ce622d4a082
  RealmSwift: 2a9281e37d6de55f66f76254d49d28aeb1b729e4
  Result: d2d07204ce72856f1fd9130bbe42c35a7b0fea10
  RxCocoa: 0b54909c902e1e581212a03e690bbd94032d8baa
  RxSwift: 99e10317ddfcc7fbe01356aafd118fde4a0be104
  SnapKit: a42d492c16e80209130a3379f73596c3454b7694

PODFILE CHECKSUM: 78399b927ef05ba87c7ad15bd5af4123eeeba85d

COCOAPODS: 1.5.3
